
Microsoft Visual Studio Solution File, Format Version 12.00
Project("{FAE04EC0-301F-11D3-BF4B-00C04F79EFBC}") = "homework-1", "homework-1\homework-1.csproj", "{5C0E2EEF-984D-4B55-B721-17F8BC9A70A4}"
EndProject
Project("{FAE04EC0-301F-11D3-BF4B-00C04F79EFBC}") = "Tests", "Tests\Tests.csproj", "{78F1919F-C11C-46AC-858A-1D119006F372}"
EndProject
Global
	GlobalSection(SolutionConfigurationPlatforms) = preSolution
		Debug|Any CPU = Debug|Any CPU
		Release|Any CPU = Release|Any CPU
	EndGlobalSection
	GlobalSection(ProjectConfigurationPlatforms) = postSolution
		{5C0E2EEF-984D-4B55-B721-17F8BC9A70A4}.Debug|Any CPU.ActiveCfg = Debug|Any CPU
		{5C0E2EEF-984D-4B55-B721-17F8BC9A70A4}.Debug|Any CPU.Build.0 = Debug|Any CPU
		{5C0E2EEF-984D-4B55-B721-17F8BC9A70A4}.Release|Any CPU.ActiveCfg = Release|Any CPU
		{5C0E2EEF-984D-4B55-B721-17F8BC9A70A4}.Release|Any CPU.Build.0 = Release|Any CPU
		{78F1919F-C11C-46AC-858A-1D119006F372}.Debug|Any CPU.ActiveCfg = Debug|Any CPU
		{78F1919F-C11C-46AC-858A-1D119006F372}.Debug|Any CPU.Build.0 = Debug|Any CPU
		{78F1919F-C11C-46AC-858A-1D119006F372}.Release|Any CPU.ActiveCfg = Release|Any CPU
		{78F1919F-C11C-46AC-858A-1D119006F372}.Release|Any CPU.Build.0 = Release|Any CPU
	EndGlobalSection
EndGlobal
